// !$*UTF8*$!
{
	archiveVersion = 1;
	classes = {
	};
	objectVersion = 50;
	objects = {

/* Begin PBXBuildFile section */
		0F4D7AA1CD8B34C8137CBB7C /* Pods_Crumble.framework in Frameworks */ = {isa = PBXBuildFile; fileRef = 732B9F43E9B763E5ED2A2C3F /* Pods_Crumble.framework */; };
		C23AA22422734E6A0014CBD3 /* LoginViewController.swift in Sources */ = {isa = PBXBuildFile; fileRef = C23AA22322734E6A0014CBD3 /* LoginViewController.swift */; };
		C2507139227F90C70041B76C /* User.swift in Sources */ = {isa = PBXBuildFile; fileRef = C2507138227F90C70041B76C /* User.swift */; };
		C250713B227FB3B30041B76C /* AddedFiltersCollectionViewCell.swift in Sources */ = {isa = PBXBuildFile; fileRef = C250713A227FB3B30041B76C /* AddedFiltersCollectionViewCell.swift */; };
		C29BB7BF227E4F080052EEEB /* NetworkManager.swift in Sources */ = {isa = PBXBuildFile; fileRef = C29BB7BE227E4F080052EEEB /* NetworkManager.swift */; };
		C29BB7C1227E6AAF0052EEEB /* Network.swift in Sources */ = {isa = PBXBuildFile; fileRef = C29BB7C0227E6AAF0052EEEB /* Network.swift */; };
		C29BB7C3227E83EB0052EEEB /* RecipeOld.swift in Sources */ = {isa = PBXBuildFile; fileRef = C29BB7C2227E83EB0052EEEB /* RecipeOld.swift */; };
		C29BB7CF227EA7990052EEEB /* LoginView.swift in Sources */ = {isa = PBXBuildFile; fileRef = C29BB7CE227EA7990052EEEB /* LoginView.swift */; };
		C29BB7D1227EE5A40052EEEB /* SignupView.swift in Sources */ = {isa = PBXBuildFile; fileRef = C29BB7D0227EE5A40052EEEB /* SignupView.swift */; };
		D3F9E0AE226D4566006B1242 /* AppDelegate.swift in Sources */ = {isa = PBXBuildFile; fileRef = D3F9E0AD226D4566006B1242 /* AppDelegate.swift */; };
		D3F9E0B0226D4566006B1242 /* SearchResultsViewController.swift in Sources */ = {isa = PBXBuildFile; fileRef = D3F9E0AF226D4566006B1242 /* SearchResultsViewController.swift */; };
		D3F9E0B3226D4566006B1242 /* Main.storyboard in Resources */ = {isa = PBXBuildFile; fileRef = D3F9E0B1226D4566006B1242 /* Main.storyboard */; };
		D3F9E0B5226D4568006B1242 /* Assets.xcassets in Resources */ = {isa = PBXBuildFile; fileRef = D3F9E0B4226D4568006B1242 /* Assets.xcassets */; };
		D3F9E0B8226D4569006B1242 /* LaunchScreen.storyboard in Resources */ = {isa = PBXBuildFile; fileRef = D3F9E0B6226D4569006B1242 /* LaunchScreen.storyboard */; };
		D3F9E0C4226D46CF006B1242 /* RecipeCell.swift in Sources */ = {isa = PBXBuildFile; fileRef = D3F9E0C3226D46CF006B1242 /* RecipeCell.swift */; };
		D3F9E0C6226D471E006B1242 /* RecipeModalViewController.swift in Sources */ = {isa = PBXBuildFile; fileRef = D3F9E0C5226D471E006B1242 /* RecipeModalViewController.swift */; };
		D3F9E0C8226D5F87006B1242 /* FilterCollectionViewCell.swift in Sources */ = {isa = PBXBuildFile; fileRef = D3F9E0C7226D5F87006B1242 /* FilterCollectionViewCell.swift */; };
		D3F9E0CA226D5FEC006B1242 /* Filter.swift in Sources */ = {isa = PBXBuildFile; fileRef = D3F9E0C9226D5FEC006B1242 /* Filter.swift */; };
		D3F9E0CC226F6F54006B1242 /* ProfileViewController.swift in Sources */ = {isa = PBXBuildFile; fileRef = D3F9E0CB226F6F54006B1242 /* ProfileViewController.swift */; };
		D3F9E0CE226F6FCD006B1242 /* SearchViewController.swift in Sources */ = {isa = PBXBuildFile; fileRef = D3F9E0CD226F6FCD006B1242 /* SearchViewController.swift */; };
		D8DA8E952271808800E6A671 /* PlayfairDisplay-Bold.otf in Resources */ = {isa = PBXBuildFile; fileRef = D8DA8E942271808800E6A671 /* PlayfairDisplay-Bold.otf */; };
		D8DA8E9F2271884700E6A671 /* SFProText-Bold.otf in Resources */ = {isa = PBXBuildFile; fileRef = D8DA8E9C2271884700E6A671 /* SFProText-Bold.otf */; };
		D8DA8EA32271886600E6A671 /* SFProText-Light.otf in Resources */ = {isa = PBXBuildFile; fileRef = D8DA8EA22271886600E6A671 /* SFProText-Light.otf */; };
		D8DA8EA52271886C00E6A671 /* SFProText-Regular.otf in Resources */ = {isa = PBXBuildFile; fileRef = D8DA8EA42271886C00E6A671 /* SFProText-Regular.otf */; };
/* End PBXBuildFile section */

/* Begin PBXFileReference section */
		4EA93B3A849361A40590B1B3 /* Pods-Crumble.release.xcconfig */ = {isa = PBXFileReference; includeInIndex = 1; lastKnownFileType = text.xcconfig; name = "Pods-Crumble.release.xcconfig"; path = "Target Support Files/Pods-Crumble/Pods-Crumble.release.xcconfig"; sourceTree = "<group>"; };
		732B9F43E9B763E5ED2A2C3F /* Pods_Crumble.framework */ = {isa = PBXFileReference; explicitFileType = wrapper.framework; includeInIndex = 0; path = Pods_Crumble.framework; sourceTree = BUILT_PRODUCTS_DIR; };
		C23AA22322734E6A0014CBD3 /* LoginViewController.swift */ = {isa = PBXFileReference; lastKnownFileType = sourcecode.swift; path = LoginViewController.swift; sourceTree = "<group>"; };
		C2507138227F90C70041B76C /* User.swift */ = {isa = PBXFileReference; lastKnownFileType = sourcecode.swift; path = User.swift; sourceTree = "<group>"; };
		C250713A227FB3B30041B76C /* AddedFiltersCollectionViewCell.swift */ = {isa = PBXFileReference; lastKnownFileType = sourcecode.swift; path = AddedFiltersCollectionViewCell.swift; sourceTree = "<group>"; };
		C29BB7BE227E4F080052EEEB /* NetworkManager.swift */ = {isa = PBXFileReference; lastKnownFileType = sourcecode.swift; path = NetworkManager.swift; sourceTree = "<group>"; };
		C29BB7C0227E6AAF0052EEEB /* Network.swift */ = {isa = PBXFileReference; lastKnownFileType = sourcecode.swift; path = Network.swift; sourceTree = "<group>"; };
		C29BB7C2227E83EB0052EEEB /* RecipeOld.swift */ = {isa = PBXFileReference; lastKnownFileType = sourcecode.swift; path = RecipeOld.swift; sourceTree = "<group>"; };
		C29BB7CE227EA7990052EEEB /* LoginView.swift */ = {isa = PBXFileReference; lastKnownFileType = sourcecode.swift; path = LoginView.swift; sourceTree = "<group>"; };
		C29BB7D0227EE5A40052EEEB /* SignupView.swift */ = {isa = PBXFileReference; lastKnownFileType = sourcecode.swift; path = SignupView.swift; sourceTree = "<group>"; };
		D3F9E0AA226D4566006B1242 /* Crumble.app */ = {isa = PBXFileReference; explicitFileType = wrapper.application; includeInIndex = 0; path = Crumble.app; sourceTree = BUILT_PRODUCTS_DIR; };
		D3F9E0AD226D4566006B1242 /* AppDelegate.swift */ = {isa = PBXFileReference; lastKnownFileType = sourcecode.swift; path = AppDelegate.swift; sourceTree = "<group>"; };
		D3F9E0AF226D4566006B1242 /* SearchResultsViewController.swift */ = {isa = PBXFileReference; lastKnownFileType = sourcecode.swift; path = SearchResultsViewController.swift; sourceTree = "<group>"; };
		D3F9E0B2226D4566006B1242 /* Base */ = {isa = PBXFileReference; lastKnownFileType = file.storyboard; name = Base; path = Base.lproj/Main.storyboard; sourceTree = "<group>"; };
		D3F9E0B4226D4568006B1242 /* Assets.xcassets */ = {isa = PBXFileReference; lastKnownFileType = folder.assetcatalog; path = Assets.xcassets; sourceTree = "<group>"; };
		D3F9E0B7226D4569006B1242 /* Base */ = {isa = PBXFileReference; lastKnownFileType = file.storyboard; name = Base; path = Base.lproj/LaunchScreen.storyboard; sourceTree = "<group>"; };
		D3F9E0B9226D4569006B1242 /* Info.plist */ = {isa = PBXFileReference; lastKnownFileType = text.plist.xml; path = Info.plist; sourceTree = "<group>"; };
		D3F9E0C3226D46CF006B1242 /* RecipeCell.swift */ = {isa = PBXFileReference; lastKnownFileType = sourcecode.swift; path = RecipeCell.swift; sourceTree = "<group>"; };
		D3F9E0C5226D471E006B1242 /* RecipeModalViewController.swift */ = {isa = PBXFileReference; lastKnownFileType = sourcecode.swift; path = RecipeModalViewController.swift; sourceTree = "<group>"; };
		D3F9E0C7226D5F87006B1242 /* FilterCollectionViewCell.swift */ = {isa = PBXFileReference; lastKnownFileType = sourcecode.swift; path = FilterCollectionViewCell.swift; sourceTree = "<group>"; };
		D3F9E0C9226D5FEC006B1242 /* Filter.swift */ = {isa = PBXFileReference; lastKnownFileType = sourcecode.swift; path = Filter.swift; sourceTree = "<group>"; };
		D3F9E0CB226F6F54006B1242 /* ProfileViewController.swift */ = {isa = PBXFileReference; lastKnownFileType = sourcecode.swift; path = ProfileViewController.swift; sourceTree = "<group>"; };
		D3F9E0CD226F6FCD006B1242 /* SearchViewController.swift */ = {isa = PBXFileReference; lastKnownFileType = sourcecode.swift; path = SearchViewController.swift; sourceTree = "<group>"; };
		D8DA8E942271808800E6A671 /* PlayfairDisplay-Bold.otf */ = {isa = PBXFileReference; lastKnownFileType = file; path = "PlayfairDisplay-Bold.otf"; sourceTree = "<group>"; };
		D8DA8E9C2271884700E6A671 /* SFProText-Bold.otf */ = {isa = PBXFileReference; lastKnownFileType = file; path = "SFProText-Bold.otf"; sourceTree = "<group>"; };
		D8DA8EA22271886600E6A671 /* SFProText-Light.otf */ = {isa = PBXFileReference; lastKnownFileType = file; name = "SFProText-Light.otf"; path = "../../../font/SFProText-Light.otf"; sourceTree = "<group>"; };
		D8DA8EA42271886C00E6A671 /* SFProText-Regular.otf */ = {isa = PBXFileReference; lastKnownFileType = file; name = "SFProText-Regular.otf"; path = "../../../font/SFProText-Regular.otf"; sourceTree = "<group>"; };
		E0CF27C68525845630A605EB /* Pods-Crumble.debug.xcconfig */ = {isa = PBXFileReference; includeInIndex = 1; lastKnownFileType = text.xcconfig; name = "Pods-Crumble.debug.xcconfig"; path = "Target Support Files/Pods-Crumble/Pods-Crumble.debug.xcconfig"; sourceTree = "<group>"; };
/* End PBXFileReference section */

/* Begin PBXFrameworksBuildPhase section */
		D3F9E0A7226D4566006B1242 /* Frameworks */ = {
			isa = PBXFrameworksBuildPhase;
			buildActionMask = 2147483647;
			files = (
				0F4D7AA1CD8B34C8137CBB7C /* Pods_Crumble.framework in Frameworks */,
			);
			runOnlyForDeploymentPostprocessing = 0;
		};
/* End PBXFrameworksBuildPhase section */

/* Begin PBXGroup section */
		25410B155DFE3DD2CE041ABA /* Frameworks */ = {
			isa = PBXGroup;
			children = (
				732B9F43E9B763E5ED2A2C3F /* Pods_Crumble.framework */,
			);
			name = Frameworks;
			sourceTree = "<group>";
		};
		8144742D504850C3FBD041BF /* Pods */ = {
			isa = PBXGroup;
			children = (
				E0CF27C68525845630A605EB /* Pods-Crumble.debug.xcconfig */,
				4EA93B3A849361A40590B1B3 /* Pods-Crumble.release.xcconfig */,
			);
			path = Pods;
			sourceTree = "<group>";
		};
		D3F9E0A1226D4566006B1242 = {
			isa = PBXGroup;
			children = (
				D3F9E0AC226D4566006B1242 /* Crumble */,
				D3F9E0AB226D4566006B1242 /* Products */,
				8144742D504850C3FBD041BF /* Pods */,
				25410B155DFE3DD2CE041ABA /* Frameworks */,
			);
			sourceTree = "<group>";
		};
		D3F9E0AB226D4566006B1242 /* Products */ = {
			isa = PBXGroup;
			children = (
				D3F9E0AA226D4566006B1242 /* Crumble.app */,
			);
			name = Products;
			sourceTree = "<group>";
		};
		D3F9E0AC226D4566006B1242 /* Crumble */ = {
			isa = PBXGroup;
			children = (
				D3F9E0AD226D4566006B1242 /* AppDelegate.swift */,
				D3F9E0AF226D4566006B1242 /* SearchResultsViewController.swift */,
				D3F9E0B1226D4566006B1242 /* Main.storyboard */,
				D3F9E0B4226D4568006B1242 /* Assets.xcassets */,
				D3F9E0B6226D4569006B1242 /* LaunchScreen.storyboard */,
				D3F9E0B9226D4569006B1242 /* Info.plist */,
				C29BB7C0227E6AAF0052EEEB /* Network.swift */,
				C2507138227F90C70041B76C /* User.swift */,
				C29BB7C2227E83EB0052EEEB /* RecipeOld.swift */,
				C29BB7BE227E4F080052EEEB /* NetworkManager.swift */,
				D3F9E0C3226D46CF006B1242 /* RecipeCell.swift */,
				D3F9E0C5226D471E006B1242 /* RecipeModalViewController.swift */,
				D3F9E0C7226D5F87006B1242 /* FilterCollectionViewCell.swift */,
				C250713A227FB3B30041B76C /* AddedFiltersCollectionViewCell.swift */,
				D3F9E0C9226D5FEC006B1242 /* Filter.swift */,
				D3F9E0CB226F6F54006B1242 /* ProfileViewController.swift */,
				C23AA22322734E6A0014CBD3 /* LoginViewController.swift */,
				C29BB7CE227EA7990052EEEB /* LoginView.swift */,
				C29BB7D0227EE5A40052EEEB /* SignupView.swift */,
				D3F9E0CD226F6FCD006B1242 /* SearchViewController.swift */,
				D8DA8E932271806700E6A671 /* Font */,
			);
			path = Crumble;
			sourceTree = "<group>";
		};
		D8DA8E932271806700E6A671 /* Font */ = {
			isa = PBXGroup;
			children = (
				D8DA8E942271808800E6A671 /* PlayfairDisplay-Bold.otf */,
				D8DA8E9C2271884700E6A671 /* SFProText-Bold.otf */,
				D8DA8EA22271886600E6A671 /* SFProText-Light.otf */,
				D8DA8EA42271886C00E6A671 /* SFProText-Regular.otf */,
			);
			path = Font;
			sourceTree = "<group>";
		};
/* End PBXGroup section */

/* Begin PBXNativeTarget section */
		D3F9E0A9226D4566006B1242 /* Crumble */ = {
			isa = PBXNativeTarget;
			buildConfigurationList = D3F9E0BC226D4569006B1242 /* Build configuration list for PBXNativeTarget "Crumble" */;
			buildPhases = (
				56C8888E8F09404D2B8EE9D6 /* [CP] Check Pods Manifest.lock */,
				D3F9E0A6226D4566006B1242 /* Sources */,
				D3F9E0A7226D4566006B1242 /* Frameworks */,
				D3F9E0A8226D4566006B1242 /* Resources */,
				4536FBA91BE3D6DAD960AD55 /* [CP] Embed Pods Frameworks */,
			);
			buildRules = (
			);
			dependencies = (
			);
			name = Crumble;
			productName = Crumble;
			productReference = D3F9E0AA226D4566006B1242 /* Crumble.app */;
			productType = "com.apple.product-type.application";
		};
/* End PBXNativeTarget section */

/* Begin PBXProject section */
		D3F9E0A2226D4566006B1242 /* Project object */ = {
			isa = PBXProject;
			attributes = {
				LastSwiftUpdateCheck = 1010;
				LastUpgradeCheck = 1010;
				ORGANIZATIONNAME = "Beth Mieczkowski";
				TargetAttributes = {
					D3F9E0A9226D4566006B1242 = {
						CreatedOnToolsVersion = 10.1;
					};
				};
			};
			buildConfigurationList = D3F9E0A5226D4566006B1242 /* Build configuration list for PBXProject "Crumble" */;
			compatibilityVersion = "Xcode 9.3";
			developmentRegion = en;
			hasScannedForEncodings = 0;
			knownRegions = (
				en,
				Base,
			);
			mainGroup = D3F9E0A1226D4566006B1242;
			productRefGroup = D3F9E0AB226D4566006B1242 /* Products */;
			projectDirPath = "";
			projectRoot = "";
			targets = (
				D3F9E0A9226D4566006B1242 /* Crumble */,
			);
		};
/* End PBXProject section */

/* Begin PBXResourcesBuildPhase section */
		D3F9E0A8226D4566006B1242 /* Resources */ = {
			isa = PBXResourcesBuildPhase;
			buildActionMask = 2147483647;
			files = (
				D8DA8EA32271886600E6A671 /* SFProText-Light.otf in Resources */,
				D3F9E0B8226D4569006B1242 /* LaunchScreen.storyboard in Resources */,
				D3F9E0B5226D4568006B1242 /* Assets.xcassets in Resources */,
				D8DA8E9F2271884700E6A671 /* SFProText-Bold.otf in Resources */,
				D8DA8EA52271886C00E6A671 /* SFProText-Regular.otf in Resources */,
				D3F9E0B3226D4566006B1242 /* Main.storyboard in Resources */,
				D8DA8E952271808800E6A671 /* PlayfairDisplay-Bold.otf in Resources */,
			);
			runOnlyForDeploymentPostprocessing = 0;
		};
/* End PBXResourcesBuildPhase section */

/* Begin PBXShellScriptBuildPhase section */
		4536FBA91BE3D6DAD960AD55 /* [CP] Embed Pods Frameworks */ = {
			isa = PBXShellScriptBuildPhase;
			buildActionMask = 2147483647;
			files = (
			);
			inputFileListPaths = (
			);
			inputPaths = (
				"${PODS_ROOT}/Target Support Files/Pods-Crumble/Pods-Crumble-frameworks.sh",
				"${BUILT_PRODUCTS_DIR}/Alamofire/Alamofire.framework",
				"${BUILT_PRODUCTS_DIR}/SnapKit/SnapKit.framework",
			);
			name = "[CP] Embed Pods Frameworks";
			outputFileListPaths = (
			);
			outputPaths = (
				"${TARGET_BUILD_DIR}/${FRAMEWORKS_FOLDER_PATH}/Alamofire.framework",
				"${TARGET_BUILD_DIR}/${FRAMEWORKS_FOLDER_PATH}/SnapKit.framework",
			);
			runOnlyForDeploymentPostprocessing = 0;
			shellPath = /bin/sh;
			shellScript = "\"${PODS_ROOT}/Target Support Files/Pods-Crumble/Pods-Crumble-frameworks.sh\"\n";
			showEnvVarsInLog = 0;
		};
		56C8888E8F09404D2B8EE9D6 /* [CP] Check Pods Manifest.lock */ = {
			isa = PBXShellScriptBuildPhase;
			buildActionMask = 2147483647;
			files = (
			);
			inputFileListPaths = (
			);
			inputPaths = (
				"${PODS_PODFILE_DIR_PATH}/Podfile.lock",
				"${PODS_ROOT}/Manifest.lock",
			);
			name = "[CP] Check Pods Manifest.lock";
			outputFileListPaths = (
			);
			outputPaths = (
				"$(DERIVED_FILE_DIR)/Pods-Crumble-checkManifestLockResult.txt",
			);
			runOnlyForDeploymentPostprocessing = 0;
			shellPath = /bin/sh;
			shellScript = "diff \"${PODS_PODFILE_DIR_PATH}/Podfile.lock\" \"${PODS_ROOT}/Manifest.lock\" > /dev/null\nif [ $? != 0 ] ; then\n    # print error to STDERR\n    echo \"error: The sandbox is not in sync with the Podfile.lock. Run 'pod install' or update your CocoaPods installation.\" >&2\n    exit 1\nfi\n# This output is used by Xcode 'outputs' to avoid re-running this script phase.\necho \"SUCCESS\" > \"${SCRIPT_OUTPUT_FILE_0}\"\n";
			showEnvVarsInLog = 0;
		};
/* End PBXShellScriptBuildPhase section */

/* Begin PBXSourcesBuildPhase section */
		D3F9E0A6226D4566006B1242 /* Sources */ = {
			isa = PBXSourcesBuildPhase;
			buildActionMask = 2147483647;
			files = (
				C29BB7D1227EE5A40052EEEB /* SignupView.swift in Sources */,
				C250713B227FB3B30041B76C /* AddedFiltersCollectionViewCell.swift in Sources */,
				C29BB7BF227E4F080052EEEB /* NetworkManager.swift in Sources */,
				D3F9E0CA226D5FEC006B1242 /* Filter.swift in Sources */,
				D3F9E0B0226D4566006B1242 /* SearchResultsViewController.swift in Sources */,
				D3F9E0CE226F6FCD006B1242 /* SearchViewController.swift in Sources */,
				D3F9E0AE226D4566006B1242 /* AppDelegate.swift in Sources */,
				C29BB7C3227E83EB0052EEEB /* RecipeOld.swift in Sources */,
				C29BB7C1227E6AAF0052EEEB /* Network.swift in Sources */,
				C2507139227F90C70041B76C /* User.swift in Sources */,
				D3F9E0C4226D46CF006B1242 /* RecipeCell.swift in Sources */,
				D3F9E0C8226D5F87006B1242 /* FilterCollectionViewCell.swift in Sources */,
				D3F9E0CC226F6F54006B1242 /* ProfileViewController.swift in Sources */,
				C29BB7CF227EA7990052EEEB /* LoginView.swift in Sources */,
				C23AA22422734E6A0014CBD3 /* LoginViewController.swift in Sources */,
				D3F9E0C6226D471E006B1242 /* RecipeModalViewController.swift in Sources */,
			);
			runOnlyForDeploymentPostprocessing = 0;
		};
/* End PBXSourcesBuildPhase section */

/* Begin PBXVariantGroup section */
		D3F9E0B1226D4566006B1242 /* Main.storyboard */ = {
			isa = PBXVariantGroup;
			children = (
				D3F9E0B2226D4566006B1242 /* Base */,
			);
			name = Main.storyboard;
			sourceTree = "<group>";
		};
		D3F9E0B6226D4569006B1242 /* LaunchScreen.storyboard */ = {
			isa = PBXVariantGroup;
			children = (
				D3F9E0B7226D4569006B1242 /* Base */,
			);
			name = LaunchScreen.storyboard;
			sourceTree = "<group>";
		};
/* End PBXVariantGroup section */

/* Begin XCBuildConfiguration section */
		D3F9E0BA226D4569006B1242 /* Debug */ = {
			isa = XCBuildConfiguration;
			buildSettings = {
				ALWAYS_SEARCH_USER_PATHS = NO;
				CLANG_ANALYZER_NONNULL = YES;
				CLANG_ANALYZER_NUMBER_OBJECT_CONVERSION = YES_AGGRESSIVE;
				CLANG_CXX_LANGUAGE_STANDARD = "gnu++14";
				CLANG_CXX_LIBRARY = "libc++";
				CLANG_ENABLE_MODULES = YES;
				CLANG_ENABLE_OBJC_ARC = YES;
				CLANG_ENABLE_OBJC_WEAK = YES;
				CLANG_WARN_BLOCK_CAPTURE_AUTORELEASING = YES;
				CLANG_WARN_BOOL_CONVERSION = YES;
				CLANG_WARN_COMMA = YES;
				CLANG_WARN_CONSTANT_CONVERSION = YES;
				CLANG_WARN_DEPRECATED_OBJC_IMPLEMENTATIONS = YES;
				CLANG_WARN_DIRECT_OBJC_ISA_USAGE = YES_ERROR;
				CLANG_WARN_DOCUMENTATION_COMMENTS = YES;
				CLANG_WARN_EMPTY_BODY = YES;
				CLANG_WARN_ENUM_CONVERSION = YES;
				CLANG_WARN_INFINITE_RECURSION = YES;
				CLANG_WARN_INT_CONVERSION = YES;
				CLANG_WARN_NON_LITERAL_NULL_CONVERSION = YES;
				CLANG_WARN_OBJC_IMPLICIT_RETAIN_SELF = YES;
				CLANG_WARN_OBJC_LITERAL_CONVERSION = YES;
				CLANG_WARN_OBJC_ROOT_CLASS = YES_ERROR;
				CLANG_WARN_RANGE_LOOP_ANALYSIS = YES;
				CLANG_WARN_STRICT_PROTOTYPES = YES;
				CLANG_WARN_SUSPICIOUS_MOVE = YES;
				CLANG_WARN_UNGUARDED_AVAILABILITY = YES_AGGRESSIVE;
				CLANG_WARN_UNREACHABLE_CODE = YES;
				CLANG_WARN__DUPLICATE_METHOD_MATCH = YES;
				CODE_SIGN_IDENTITY = "iPhone Developer";
				COPY_PHASE_STRIP = NO;
				DEBUG_INFORMATION_FORMAT = dwarf;
				ENABLE_STRICT_OBJC_MSGSEND = YES;
				ENABLE_TESTABILITY = YES;
				GCC_C_LANGUAGE_STANDARD = gnu11;
				GCC_DYNAMIC_NO_PIC = NO;
				GCC_NO_COMMON_BLOCKS = YES;
				GCC_OPTIMIZATION_LEVEL = 0;
				GCC_PREPROCESSOR_DEFINITIONS = (
					"DEBUG=1",
					"$(inherited)",
				);
				GCC_WARN_64_TO_32_BIT_CONVERSION = YES;
				GCC_WARN_ABOUT_RETURN_TYPE = YES_ERROR;
				GCC_WARN_UNDECLARED_SELECTOR = YES;
				GCC_WARN_UNINITIALIZED_AUTOS = YES_AGGRESSIVE;
				GCC_WARN_UNUSED_FUNCTION = YES;
				GCC_WARN_UNUSED_VARIABLE = YES;
				IPHONEOS_DEPLOYMENT_TARGET = 12.1;
				MTL_ENABLE_DEBUG_INFO = INCLUDE_SOURCE;
				MTL_FAST_MATH = YES;
				ONLY_ACTIVE_ARCH = YES;
				SDKROOT = iphoneos;
				SWIFT_ACTIVE_COMPILATION_CONDITIONS = DEBUG;
				SWIFT_OPTIMIZATION_LEVEL = "-Onone";
			};
			name = Debug;
		};
		D3F9E0BB226D4569006B1242 /* Release */ = {
			isa = XCBuildConfiguration;
			buildSettings = {
				ALWAYS_SEARCH_USER_PATHS = NO;
				CLANG_ANALYZER_NONNULL = YES;
				CLANG_ANALYZER_NUMBER_OBJECT_CONVERSION = YES_AGGRESSIVE;
				CLANG_CXX_LANGUAGE_STANDARD = "gnu++14";
				CLANG_CXX_LIBRARY = "libc++";
				CLANG_ENABLE_MODULES = YES;
				CLANG_ENABLE_OBJC_ARC = YES;
				CLANG_ENABLE_OBJC_WEAK = YES;
				CLANG_WARN_BLOCK_CAPTURE_AUTORELEASING = YES;
				CLANG_WARN_BOOL_CONVERSION = YES;
				CLANG_WARN_COMMA = YES;
				CLANG_WARN_CONSTANT_CONVERSION = YES;
				CLANG_WARN_DEPRECATED_OBJC_IMPLEMENTATIONS = YES;
				CLANG_WARN_DIRECT_OBJC_ISA_USAGE = YES_ERROR;
				CLANG_WARN_DOCUMENTATION_COMMENTS = YES;
				CLANG_WARN_EMPTY_BODY = YES;
				CLANG_WARN_ENUM_CONVERSION = YES;
				CLANG_WARN_INFINITE_RECURSION = YES;
				CLANG_WARN_INT_CONVERSION = YES;
				CLANG_WARN_NON_LITERAL_NULL_CONVERSION = YES;
				CLANG_WARN_OBJC_IMPLICIT_RETAIN_SELF = YES;
				CLANG_WARN_OBJC_LITERAL_CONVERSION = YES;
				CLANG_WARN_OBJC_ROOT_CLASS = YES_ERROR;
				CLANG_WARN_RANGE_LOOP_ANALYSIS = YES;
				CLANG_WARN_STRICT_PROTOTYPES = YES;
				CLANG_WARN_SUSPICIOUS_MOVE = YES;
				CLANG_WARN_UNGUARDED_AVAILABILITY = YES_AGGRESSIVE;
				CLANG_WARN_UNREACHABLE_CODE = YES;
				CLANG_WARN__DUPLICATE_METHOD_MATCH = YES;
				CODE_SIGN_IDENTITY = "iPhone Developer";
				COPY_PHASE_STRIP = NO;
				DEBUG_INFORMATION_FORMAT = "dwarf-with-dsym";
				ENABLE_NS_ASSERTIONS = NO;
				ENABLE_STRICT_OBJC_MSGSEND = YES;
				GCC_C_LANGUAGE_STANDARD = gnu11;
				GCC_NO_COMMON_BLOCKS = YES;
				GCC_WARN_64_TO_32_BIT_CONVERSION = YES;
				GCC_WARN_ABOUT_RETURN_TYPE = YES_ERROR;
				GCC_WARN_UNDECLARED_SELECTOR = YES;
				GCC_WARN_UNINITIALIZED_AUTOS = YES_AGGRESSIVE;
				GCC_WARN_UNUSED_FUNCTION = YES;
				GCC_WARN_UNUSED_VARIABLE = YES;
				IPHONEOS_DEPLOYMENT_TARGET = 12.1;
				MTL_ENABLE_DEBUG_INFO = NO;
				MTL_FAST_MATH = YES;
				SDKROOT = iphoneos;
				SWIFT_COMPILATION_MODE = wholemodule;
				SWIFT_OPTIMIZATION_LEVEL = "-O";
				VALIDATE_PRODUCT = YES;
			};
			name = Release;
		};
		D3F9E0BD226D4569006B1242 /* Debug */ = {
			isa = XCBuildConfiguration;
			baseConfigurationReference = E0CF27C68525845630A605EB /* Pods-Crumble.debug.xcconfig */;
			buildSettings = {
				ASSETCATALOG_COMPILER_APPICON_NAME = AppIcon;
				CODE_SIGN_STYLE = Automatic;
				DEVELOPMENT_TEAM = 3FK25B4PAC;
				INFOPLIST_FILE = Crumble/Info.plist;
				LD_RUNPATH_SEARCH_PATHS = (
					"$(inherited)",
					"@executable_path/Frameworks",
				);
				PRODUCT_BUNDLE_IDENTIFIER = bethmieczkowski.Crumble;
				PRODUCT_NAME = "$(TARGET_NAME)";
				SWIFT_VERSION = 4.2;
				TARGETED_DEVICE_FAMILY = "1,2";
			};
			name = Debug;
		};
		D3F9E0BE226D4569006B1242 /* Release */ = {
			isa = XCBuildConfiguration;
			baseConfigurationReference = 4EA93B3A849361A40590B1B3 /* Pods-Crumble.release.xcconfig */;
			buildSettings = {
				ASSETCATALOG_COMPILER_APPICON_NAME = AppIcon;
				CODE_SIGN_STYLE = Automatic;
				DEVELOPMENT_TEAM = 3FK25B4PAC;
				INFOPLIST_FILE = Crumble/Info.plist;
				LD_RUNPATH_SEARCH_PATHS = (
					"$(inherited)",
					"@executable_path/Frameworks",
				);
				PRODUCT_BUNDLE_IDENTIFIER = bethmieczkowski.Crumble;
				PRODUCT_NAME = "$(TARGET_NAME)";
				SWIFT_VERSION = 4.2;
				TARGETED_DEVICE_FAMILY = "1,2";
			};
			name = Release;
		};
/* End XCBuildConfiguration section */

/* Begin XCConfigurationList section */
		D3F9E0A5226D4566006B1242 /* Build configuration list for PBXProject "Crumble" */ = {
			isa = XCConfigurationList;
			buildConfigurations = (
				D3F9E0BA226D4569006B1242 /* Debug */,
				D3F9E0BB226D4569006B1242 /* Release */,
			);
			defaultConfigurationIsVisible = 0;
			defaultConfigurationName = Release;
		};
		D3F9E0BC226D4569006B1242 /* Build configuration list for PBXNativeTarget "Crumble" */ = {
			isa = XCConfigurationList;
			buildConfigurations = (
				D3F9E0BD226D4569006B1242 /* Debug */,
				D3F9E0BE226D4569006B1242 /* Release */,
			);
			defaultConfigurationIsVisible = 0;
			defaultConfigurationName = Release;
		};
/* End XCConfigurationList section */
	};
	rootObject = D3F9E0A2226D4566006B1242 /* Project object */;
}
